
Microsoft Visual Studio Solution File, Format Version 12.00
# Visual Studio Version 16
VisualStudioVersion = 16.0.31424.327
MinimumVisualStudioVersion = 10.0.40219.1
Project("{FAE04EC0-301F-11D3-BF4B-00C04F79EFBC}") = "ArgsChecker", "ArgsChecker.csproj", "{4A69438F-5D11-422D-84E5-AE0E1EC42B29}"
EndProject
Global
	GlobalSection(SolutionConfigurationPlatforms) = preSolution
		Debug|Any CPU = Debug|Any CPU
		Release|Any CPU = Release|Any CPU
	EndGlobalSection
	GlobalSection(ProjectConfigurationPlatforms) = postSolution
		{4A69438F-5D11-422D-84E5-AE0E1EC42B29}.Debug|Any CPU.ActiveCfg = Debug|Any CPU
		{4A69438F-5D11-422D-84E5-AE0E1EC42B29}.Debug|Any CPU.Build.0 = Debug|Any CPU
		{4A69438F-5D11-422D-84E5-AE0E1EC42B29}.Release|Any CPU.ActiveCfg = Release|Any CPU
		{4A69438F-5D11-422D-84E5-AE0E1EC42B29}.Release|Any CPU.Build.0 = Release|Any CPU
	EndGlobalSection
	GlobalSection(SolutionProperties) = preSolution
		HideSolutionNode = FALSE
	EndGlobalSection
	GlobalSection(ExtensibilityGlobals) = postSolution
		SolutionGuid = {1D7870B4-6A47-4209-9B64-6B2B96470EAA}
	EndGlobalSection
EndGlobal
